
Microsoft Visual Studio Solution File, Format Version 12.00
# Visual Studio Version 17
VisualStudioVersion = 17.0.31903.59
MinimumVisualStudioVersion = 10.0.40219.1
Project("{2150E333-8FDC-42A3-9474-1A3956D46DE8}") = "src", "src", "{827E0CD3-B72D-47B6-A68D-7590B98EB39B}"
EndProject
Project("{FAE04EC0-301F-11D3-BF4B-00C04F79EFBC}") = "Retinues", "src\Retinues\Retinues.csproj", "{9828BB98-D901-469C-A242-C58EC397DBF3}"
EndProject
Project("{FAE04EC0-301F-11D3-BF4B-00C04F79EFBC}") = "PrefabBuilder", "src\PrefabBuilder\PrefabBuilder.csproj", "{200FF060-7FBF-4D25-A2C5-A66FEB5A2CC6}"
EndProject
Project("{FAE04EC0-301F-11D3-BF4B-00C04F79EFBC}") = "MudToMail", "src\MudToMail\MudToMail.csproj", "{4D3C4059-9A4B-4EDE-9B29-92019CEA685D}"
EndProject
Global
	GlobalSection(SolutionConfigurationPlatforms) = preSolution
		Debug|Any CPU = Debug|Any CPU
		Debug|x64 = Debug|x64
		Debug|x86 = Debug|x86
		Release|Any CPU = Release|Any CPU
		Release|x64 = Release|x64
		Release|x86 = Release|x86
	EndGlobalSection
	GlobalSection(ProjectConfigurationPlatforms) = postSolution
		{9828BB98-D901-469C-A242-C58EC397DBF3}.Debug|Any CPU.ActiveCfg = Debug|Any CPU
		{9828BB98-D901-469C-A242-C58EC397DBF3}.Debug|Any CPU.Build.0 = Debug|Any CPU
		{9828BB98-D901-469C-A242-C58EC397DBF3}.Debug|x64.ActiveCfg = Debug|Any CPU
		{9828BB98-D901-469C-A242-C58EC397DBF3}.Debug|x64.Build.0 = Debug|Any CPU
		{9828BB98-D901-469C-A242-C58EC397DBF3}.Debug|x86.ActiveCfg = Debug|Any CPU
		{9828BB98-D901-469C-A242-C58EC397DBF3}.Debug|x86.Build.0 = Debug|Any CPU
		{9828BB98-D901-469C-A242-C58EC397DBF3}.Release|Any CPU.ActiveCfg = Release|Any CPU
		{9828BB98-D901-469C-A242-C58EC397DBF3}.Release|Any CPU.Build.0 = Release|Any CPU
		{9828BB98-D901-469C-A242-C58EC397DBF3}.Release|x64.ActiveCfg = Release|Any CPU
		{9828BB98-D901-469C-A242-C58EC397DBF3}.Release|x64.Build.0 = Release|Any CPU
		{9828BB98-D901-469C-A242-C58EC397DBF3}.Release|x86.ActiveCfg = Release|Any CPU
		{9828BB98-D901-469C-A242-C58EC397DBF3}.Release|x86.Build.0 = Release|Any CPU
		{200FF060-7FBF-4D25-A2C5-A66FEB5A2CC6}.Debug|Any CPU.ActiveCfg = Debug|Any CPU
		{200FF060-7FBF-4D25-A2C5-A66FEB5A2CC6}.Debug|Any CPU.Build.0 = Debug|Any CPU
		{200FF060-7FBF-4D25-A2C5-A66FEB5A2CC6}.Debug|x64.ActiveCfg = Debug|Any CPU
		{200FF060-7FBF-4D25-A2C5-A66FEB5A2CC6}.Debug|x64.Build.0 = Debug|Any CPU
		{200FF060-7FBF-4D25-A2C5-A66FEB5A2CC6}.Debug|x86.ActiveCfg = Debug|Any CPU
		{200FF060-7FBF-4D25-A2C5-A66FEB5A2CC6}.Debug|x86.Build.0 = Debug|Any CPU
		{200FF060-7FBF-4D25-A2C5-A66FEB5A2CC6}.Release|Any CPU.ActiveCfg = Release|Any CPU
		{200FF060-7FBF-4D25-A2C5-A66FEB5A2CC6}.Release|Any CPU.Build.0 = Release|Any CPU
		{200FF060-7FBF-4D25-A2C5-A66FEB5A2CC6}.Release|x64.ActiveCfg = Release|Any CPU
		{200FF060-7FBF-4D25-A2C5-A66FEB5A2CC6}.Release|x64.Build.0 = Release|Any CPU
		{200FF060-7FBF-4D25-A2C5-A66FEB5A2CC6}.Release|x86.ActiveCfg = Release|Any CPU
		{200FF060-7FBF-4D25-A2C5-A66FEB5A2CC6}.Release|x86.Build.0 = Release|Any CPU
		{4D3C4059-9A4B-4EDE-9B29-92019CEA685D}.Debug|Any CPU.ActiveCfg = Debug|Any CPU
		{4D3C4059-9A4B-4EDE-9B29-92019CEA685D}.Debug|Any CPU.Build.0 = Debug|Any CPU
		{4D3C4059-9A4B-4EDE-9B29-92019CEA685D}.Debug|x64.ActiveCfg = Debug|Any CPU
		{4D3C4059-9A4B-4EDE-9B29-92019CEA685D}.Debug|x64.Build.0 = Debug|Any CPU
		{4D3C4059-9A4B-4EDE-9B29-92019CEA685D}.Debug|x86.ActiveCfg = Debug|Any CPU
		{4D3C4059-9A4B-4EDE-9B29-92019CEA685D}.Debug|x86.Build.0 = Debug|Any CPU
		{4D3C4059-9A4B-4EDE-9B29-92019CEA685D}.Release|Any CPU.ActiveCfg = Release|Any CPU
		{4D3C4059-9A4B-4EDE-9B29-92019CEA685D}.Release|Any CPU.Build.0 = Release|Any CPU
		{4D3C4059-9A4B-4EDE-9B29-92019CEA685D}.Release|x64.ActiveCfg = Release|Any CPU
		{4D3C4059-9A4B-4EDE-9B29-92019CEA685D}.Release|x64.Build.0 = Release|Any CPU
		{4D3C4059-9A4B-4EDE-9B29-92019CEA685D}.Release|x86.ActiveCfg = Release|Any CPU
		{4D3C4059-9A4B-4EDE-9B29-92019CEA685D}.Release|x86.Build.0 = Release|Any CPU
	EndGlobalSection
	GlobalSection(SolutionProperties) = preSolution
		HideSolutionNode = FALSE
	EndGlobalSection
	GlobalSection(NestedProjects) = preSolution
		{9828BB98-D901-469C-A242-C58EC397DBF3} = {827E0CD3-B72D-47B6-A68D-7590B98EB39B}
		{200FF060-7FBF-4D25-A2C5-A66FEB5A2CC6} = {827E0CD3-B72D-47B6-A68D-7590B98EB39B}
		{4D3C4059-9A4B-4EDE-9B29-92019CEA685D} = {827E0CD3-B72D-47B6-A68D-7590B98EB39B}
	EndGlobalSection
EndGlobal
